hash: 979e9d7daf8155e1a1e5115865e0119478bbe7bb335eb5d30c15f2c2c549db90
updated: 2017-10-18T13:13:53.953533183-04:00
imports:
- name: github.com/auth0-community/go-auth0
  version: 3de339a55934c49fa256181e63b9ecf0234c15b7
- name: github.com/auth0/go-jwt-middleware
  version: 5493cabe49f7bfa6e2ec444a09d334d90cd4e2bd
- name: github.com/dgrijalva/jwt-go
  version: a539ee1a749a2b895533f979515ac7e6e0f5b650
- name: github.com/gorilla/context
  version: 08b5f424b9271eedf6f9f0ce86cb9396ed337a42
- name: github.com/gorilla/mux
  version: 24fca303ac6da784b9e8269f724ddeb0b2eea5e7
- name: github.com/sirupsen/logrus
  version: f006c2ac4710855cf0f916dd6b77acf6b048dc6e
- name: github.com/urfave/negroni
  version: fde5e16d32adc7ad637e9cd9ad21d4ebc6192535
- name: github.com/VojtechVitek/go-trello
  version: 4a7db23ac973c12e59e3c781b359005995bb3838
- name: golang.org/x/crypto
  version: ed5229da99e3a6df35c756cd64b6982d19505d86
  subpackages:
  - ssh/terminal
- name: golang.org/x/sys
  version: 8dbc5d05d6edcc104950cc299a1ce6641235bc86
  subpackages:
  - unix
  - windows
- name: gopkg.in/mgo.v2
  version: 3f83fa5005286a7fe593b055f0d7771a7dce4655
  subpackages:
  - bson
  - internal/json
  - internal/sasl
  - internal/scram
- name: gopkg.in/square/go-jose.v2
  version: f8f38de21b4dcd69d0413faf231983f5fd6634b1
  subpackages:
  - jwt
testImports: []
